
Microsoft Visual Studio Solution File, Format Version 12.00
# Visual Studio 15
VisualStudioVersion = 15.0.26430.12
MinimumVisualStudioVersion = 10.0.40219.1
Project("{FAE04EC0-301F-11D3-BF4B-00C04F79EFBC}") = "Consola", "Consola\Consola.csproj", "{6CA35878-A2F0-4AEA-9592-18C7428EC4D2}"
EndProject
Project("{FAE04EC0-301F-11D3-BF4B-00C04F79EFBC}") = "Archivo", "Archivo\Archivo.csproj", "{C1B6A697-3155-48E6-A99B-561229C58320}"
EndProject
Project("{FAE04EC0-301F-11D3-BF4B-00C04F79EFBC}") = "Excepciones", "Excepciones\Excepciones.csproj", "{86ED3BC2-0F93-4FDD-8D5A-222E75310DFE}"
EndProject
Project("{FAE04EC0-301F-11D3-BF4B-00C04F79EFBC}") = "Clases Abstractas", "Clases Abstractas\Clases Abstractas.csproj", "{6E1B103E-8EB9-4CAE-B9C1-C95B8E955940}"
EndProject
Project("{FAE04EC0-301F-11D3-BF4B-00C04F79EFBC}") = "Clases Instanciables", "Clases Instanciables\Clases Instanciables.csproj", "{5473112B-C2B2-4221-B269-49475041AD1B}"
EndProject
Project("{FAE04EC0-301F-11D3-BF4B-00C04F79EFBC}") = "UnitTestProject", "UnitTestProject\UnitTestProject.csproj", "{24D93D7E-802B-4210-BCA2-72ACA6D77796}"
EndProject
Global
	GlobalSection(SolutionConfigurationPlatforms) = preSolution
		Debug|Any CPU = Debug|Any CPU
		Debug|ARM = Debug|ARM
		Debug|x64 = Debug|x64
		Debug|x86 = Debug|x86
		Release|Any CPU = Release|Any CPU
		Release|ARM = Release|ARM
		Release|x64 = Release|x64
		Release|x86 = Release|x86
	EndGlobalSection
	GlobalSection(ProjectConfigurationPlatforms) = postSolution
		{6CA35878-A2F0-4AEA-9592-18C7428EC4D2}.Debug|Any CPU.ActiveCfg = Debug|Any CPU
		{6CA35878-A2F0-4AEA-9592-18C7428EC4D2}.Debug|Any CPU.Build.0 = Debug|Any CPU
		{6CA35878-A2F0-4AEA-9592-18C7428EC4D2}.Debug|ARM.ActiveCfg = Debug|Any CPU
		{6CA35878-A2F0-4AEA-9592-18C7428EC4D2}.Debug|ARM.Build.0 = Debug|Any CPU
		{6CA35878-A2F0-4AEA-9592-18C7428EC4D2}.Debug|x64.ActiveCfg = Debug|Any CPU
		{6CA35878-A2F0-4AEA-9592-18C7428EC4D2}.Debug|x64.Build.0 = Debug|Any CPU
		{6CA35878-A2F0-4AEA-9592-18C7428EC4D2}.Debug|x86.ActiveCfg = Debug|Any CPU
		{6CA35878-A2F0-4AEA-9592-18C7428EC4D2}.Debug|x86.Build.0 = Debug|Any CPU
		{6CA35878-A2F0-4AEA-9592-18C7428EC4D2}.Release|Any CPU.ActiveCfg = Release|Any CPU
		{6CA35878-A2F0-4AEA-9592-18C7428EC4D2}.Release|Any CPU.Build.0 = Release|Any CPU
		{6CA35878-A2F0-4AEA-9592-18C7428EC4D2}.Release|ARM.ActiveCfg = Release|Any CPU
		{6CA35878-A2F0-4AEA-9592-18C7428EC4D2}.Release|ARM.Build.0 = Release|Any CPU
		{6CA35878-A2F0-4AEA-9592-18C7428EC4D2}.Release|x64.ActiveCfg = Release|Any CPU
		{6CA35878-A2F0-4AEA-9592-18C7428EC4D2}.Release|x64.Build.0 = Release|Any CPU
		{6CA35878-A2F0-4AEA-9592-18C7428EC4D2}.Release|x86.ActiveCfg = Release|Any CPU
		{6CA35878-A2F0-4AEA-9592-18C7428EC4D2}.Release|x86.Build.0 = Release|Any CPU
		{C1B6A697-3155-48E6-A99B-561229C58320}.Debug|Any CPU.ActiveCfg = Debug|Any CPU
		{C1B6A697-3155-48E6-A99B-561229C58320}.Debug|Any CPU.Build.0 = Debug|Any CPU
		{C1B6A697-3155-48E6-A99B-561229C58320}.Debug|ARM.ActiveCfg = Debug|Any CPU
		{C1B6A697-3155-48E6-A99B-561229C58320}.Debug|ARM.Build.0 = Debug|Any CPU
		{C1B6A697-3155-48E6-A99B-561229C58320}.Debug|x64.ActiveCfg = Debug|Any CPU
		{C1B6A697-3155-48E6-A99B-561229C58320}.Debug|x64.Build.0 = Debug|Any CPU
		{C1B6A697-3155-48E6-A99B-561229C58320}.Debug|x86.ActiveCfg = Debug|Any CPU
		{C1B6A697-3155-48E6-A99B-561229C58320}.Debug|x86.Build.0 = Debug|Any CPU
		{C1B6A697-3155-48E6-A99B-561229C58320}.Release|Any CPU.ActiveCfg = Release|Any CPU
		{C1B6A697-3155-48E6-A99B-561229C58320}.Release|Any CPU.Build.0 = Release|Any CPU
		{C1B6A697-3155-48E6-A99B-561229C58320}.Release|ARM.ActiveCfg = Release|Any CPU
		{C1B6A697-3155-48E6-A99B-561229C58320}.Release|ARM.Build.0 = Release|Any CPU
		{C1B6A697-3155-48E6-A99B-561229C58320}.Release|x64.ActiveCfg = Release|Any CPU
		{C1B6A697-3155-48E6-A99B-561229C58320}.Release|x64.Build.0 = Release|Any CPU
		{C1B6A697-3155-48E6-A99B-561229C58320}.Release|x86.ActiveCfg = Release|Any CPU
		{C1B6A697-3155-48E6-A99B-561229C58320}.Release|x86.Build.0 = Release|Any CPU
		{86ED3BC2-0F93-4FDD-8D5A-222E75310DFE}.Debug|Any CPU.ActiveCfg = Debug|Any CPU
		{86ED3BC2-0F93-4FDD-8D5A-222E75310DFE}.Debug|Any CPU.Build.0 = Debug|Any CPU
		{86ED3BC2-0F93-4FDD-8D5A-222E75310DFE}.Debug|ARM.ActiveCfg = Debug|Any CPU
		{86ED3BC2-0F93-4FDD-8D5A-222E75310DFE}.Debug|ARM.Build.0 = Debug|Any CPU
		{86ED3BC2-0F93-4FDD-8D5A-222E75310DFE}.Debug|x64.ActiveCfg = Debug|Any CPU
		{86ED3BC2-0F93-4FDD-8D5A-222E75310DFE}.Debug|x64.Build.0 = Debug|Any CPU
		{86ED3BC2-0F93-4FDD-8D5A-222E75310DFE}.Debug|x86.ActiveCfg = Debug|Any CPU
		{86ED3BC2-0F93-4FDD-8D5A-222E75310DFE}.Debug|x86.Build.0 = Debug|Any CPU
		{86ED3BC2-0F93-4FDD-8D5A-222E75310DFE}.Release|Any CPU.ActiveCfg = Release|Any CPU
		{86ED3BC2-0F93-4FDD-8D5A-222E75310DFE}.Release|Any CPU.Build.0 = Release|Any CPU
		{86ED3BC2-0F93-4FDD-8D5A-222E75310DFE}.Release|ARM.ActiveCfg = Release|Any CPU
		{86ED3BC2-0F93-4FDD-8D5A-222E75310DFE}.Release|ARM.Build.0 = Release|Any CPU
		{86ED3BC2-0F93-4FDD-8D5A-222E75310DFE}.Release|x64.ActiveCfg = Release|Any CPU
		{86ED3BC2-0F93-4FDD-8D5A-222E75310DFE}.Release|x64.Build.0 = Release|Any CPU
		{86ED3BC2-0F93-4FDD-8D5A-222E75310DFE}.Release|x86.ActiveCfg = Release|Any CPU
		{86ED3BC2-0F93-4FDD-8D5A-222E75310DFE}.Release|x86.Build.0 = Release|Any CPU
		{6E1B103E-8EB9-4CAE-B9C1-C95B8E955940}.Debug|Any CPU.ActiveCfg = Debug|Any CPU
		{6E1B103E-8EB9-4CAE-B9C1-C95B8E955940}.Debug|Any CPU.Build.0 = Debug|Any CPU
		{6E1B103E-8EB9-4CAE-B9C1-C95B8E955940}.Debug|ARM.ActiveCfg = Debug|Any CPU
		{6E1B103E-8EB9-4CAE-B9C1-C95B8E955940}.Debug|ARM.Build.0 = Debug|Any CPU
		{6E1B103E-8EB9-4CAE-B9C1-C95B8E955940}.Debug|x64.ActiveCfg = Debug|Any CPU
		{6E1B103E-8EB9-4CAE-B9C1-C95B8E955940}.Debug|x64.Build.0 = Debug|Any CPU
		{6E1B103E-8EB9-4CAE-B9C1-C95B8E955940}.Debug|x86.ActiveCfg = Debug|Any CPU
		{6E1B103E-8EB9-4CAE-B9C1-C95B8E955940}.Debug|x86.Build.0 = Debug|Any CPU
		{6E1B103E-8EB9-4CAE-B9C1-C95B8E955940}.Release|Any CPU.ActiveCfg = Release|Any CPU
		{6E1B103E-8EB9-4CAE-B9C1-C95B8E955940}.Release|Any CPU.Build.0 = Release|Any CPU
		{6E1B103E-8EB9-4CAE-B9C1-C95B8E955940}.Release|ARM.ActiveCfg = Release|Any CPU
		{6E1B103E-8EB9-4CAE-B9C1-C95B8E955940}.Release|ARM.Build.0 = Release|Any CPU
		{6E1B103E-8EB9-4CAE-B9C1-C95B8E955940}.Release|x64.ActiveCfg = Release|Any CPU
		{6E1B103E-8EB9-4CAE-B9C1-C95B8E955940}.Release|x64.Build.0 = Release|Any CPU
		{6E1B103E-8EB9-4CAE-B9C1-C95B8E955940}.Release|x86.ActiveCfg = Release|Any CPU
		{6E1B103E-8EB9-4CAE-B9C1-C95B8E955940}.Release|x86.Build.0 = Release|Any CPU
		{5473112B-C2B2-4221-B269-49475041AD1B}.Debug|Any CPU.ActiveCfg = Debug|Any CPU
		{5473112B-C2B2-4221-B269-49475041AD1B}.Debug|Any CPU.Build.0 = Debug|Any CPU
		{5473112B-C2B2-4221-B269-49475041AD1B}.Debug|ARM.ActiveCfg = Debug|Any CPU
		{5473112B-C2B2-4221-B269-49475041AD1B}.Debug|ARM.Build.0 = Debug|Any CPU
		{5473112B-C2B2-4221-B269-49475041AD1B}.Debug|x64.ActiveCfg = Debug|Any CPU
		{5473112B-C2B2-4221-B269-49475041AD1B}.Debug|x64.Build.0 = Debug|Any CPU
		{5473112B-C2B2-4221-B269-49475041AD1B}.Debug|x86.ActiveCfg = Debug|Any CPU
		{5473112B-C2B2-4221-B269-49475041AD1B}.Debug|x86.Build.0 = Debug|Any CPU
		{5473112B-C2B2-4221-B269-49475041AD1B}.Release|Any CPU.ActiveCfg = Release|Any CPU
		{5473112B-C2B2-4221-B269-49475041AD1B}.Release|Any CPU.Build.0 = Release|Any CPU
		{5473112B-C2B2-4221-B269-49475041AD1B}.Release|ARM.ActiveCfg = Release|Any CPU
		{5473112B-C2B2-4221-B269-49475041AD1B}.Release|ARM.Build.0 = Release|Any CPU
		{5473112B-C2B2-4221-B269-49475041AD1B}.Release|x64.ActiveCfg = Release|Any CPU
		{5473112B-C2B2-4221-B269-49475041AD1B}.Release|x64.Build.0 = Release|Any CPU
		{5473112B-C2B2-4221-B269-49475041AD1B}.Release|x86.ActiveCfg = Release|Any CPU
		{5473112B-C2B2-4221-B269-49475041AD1B}.Release|x86.Build.0 = Release|Any CPU
		{24D93D7E-802B-4210-BCA2-72ACA6D77796}.Debug|Any CPU.ActiveCfg = Debug|Any CPU
		{24D93D7E-802B-4210-BCA2-72ACA6D77796}.Debug|Any CPU.Build.0 = Debug|Any CPU
		{24D93D7E-802B-4210-BCA2-72ACA6D77796}.Debug|ARM.ActiveCfg = Debug|Any CPU
		{24D93D7E-802B-4210-BCA2-72ACA6D77796}.Debug|ARM.Build.0 = Debug|Any CPU
		{24D93D7E-802B-4210-BCA2-72ACA6D77796}.Debug|x64.ActiveCfg = Debug|Any CPU
		{24D93D7E-802B-4210-BCA2-72ACA6D77796}.Debug|x64.Build.0 = Debug|Any CPU
		{24D93D7E-802B-4210-BCA2-72ACA6D77796}.Debug|x86.ActiveCfg = Debug|Any CPU
		{24D93D7E-802B-4210-BCA2-72ACA6D77796}.Debug|x86.Build.0 = Debug|Any CPU
		{24D93D7E-802B-4210-BCA2-72ACA6D77796}.Release|Any CPU.ActiveCfg = Release|Any CPU
		{24D93D7E-802B-4210-BCA2-72ACA6D77796}.Release|Any CPU.Build.0 = Release|Any CPU
		{24D93D7E-802B-4210-BCA2-72ACA6D77796}.Release|ARM.ActiveCfg = Release|Any CPU
		{24D93D7E-802B-4210-BCA2-72ACA6D77796}.Release|ARM.Build.0 = Release|Any CPU
		{24D93D7E-802B-4210-BCA2-72ACA6D77796}.Release|x64.ActiveCfg = Release|Any CPU
		{24D93D7E-802B-4210-BCA2-72ACA6D77796}.Release|x64.Build.0 = Release|Any CPU
		{24D93D7E-802B-4210-BCA2-72ACA6D77796}.Release|x86.ActiveCfg = Release|Any CPU
		{24D93D7E-802B-4210-BCA2-72ACA6D77796}.Release|x86.Build.0 = Release|Any CPU
	EndGlobalSection
	GlobalSection(SolutionProperties) = preSolution
		HideSolutionNode = FALSE
	EndGlobalSection
EndGlobal
